
Microsoft Visual Studio Solution File, Format Version 12.00
# Visual Studio Version 16
VisualStudioVersion = 16.0.30406.217
MinimumVisualStudioVersion = 10.0.40219.1
Project("{FAE04EC0-301F-11D3-BF4B-00C04F79EFBC}") = "sampleJenkinsApp", "sampleJenkinsApp\sampleJenkinsApp.csproj", "{B0E978BB-4E0C-4074-A05F-EC3659EDE3B3}"
EndProject
Global
	GlobalSection(SolutionConfigurationPlatforms) = preSolution
		Debug|Any CPU = Debug|Any CPU
		Release|Any CPU = Release|Any CPU
	EndGlobalSection
	GlobalSection(ProjectConfigurationPlatforms) = postSolution
		{B0E978BB-4E0C-4074-A05F-EC3659EDE3B3}.Debug|Any CPU.ActiveCfg = Debug|Any CPU
		{B0E978BB-4E0C-4074-A05F-EC3659EDE3B3}.Debug|Any CPU.Build.0 = Debug|Any CPU
		{B0E978BB-4E0C-4074-A05F-EC3659EDE3B3}.Release|Any CPU.ActiveCfg = Release|Any CPU
		{B0E978BB-4E0C-4074-A05F-EC3659EDE3B3}.Release|Any CPU.Build.0 = Release|Any CPU
	EndGlobalSection
	GlobalSection(SolutionProperties) = preSolution
		HideSolutionNode = FALSE
	EndGlobalSection
	GlobalSection(ExtensibilityGlobals) = postSolution
		SolutionGuid = {92A45CCF-0CE1-473B-A726-D621284C88BF}
	EndGlobalSection
EndGlobal
